{
  "requires": true,
  "lockfileVersion": 1,
  "dependencies": {
    "ngx-pagination": {
      "version": "3.2.1",
      "resolved": "https://registry.npmjs.org/ngx-pagination/-/ngx-pagination-3.2.1.tgz",
      "integrity": "sha512-+dprQkYoiNYDZkNAe/1HX0wDFbwCTE31mC2bEQVdI7ZbjEIvGB7R3zp5QoCKgz6cPFatUj4Iw6Ukqp5zx0oT/Q=="
    }
  }
}
